{
  "name": "hello_word",
  "version": "0.4.0",
  "lockfileVersion": 3,
  "requires": true,
  "packages": {
    "": {
      "name": "hello_word",
      "version": "0.4.0",
      "license": "Apache-2.0",
      "dependencies": {
        "as-soroban-sdk": "file:../../as-soroban-sdk"
      },
      "devDependencies": {
        "assemblyscript": "^0.21.6"
      }
    },
    "../../as-soroban-sdk": {
      "version": "0.3.0",
      "license": "Apache-2.0",
      "dependencies": {
        "js-xdr": "^1.1.3"
      },
      "devDependencies": {
        "@types/node": "^18.11.0",
        "assemblyscript": "^0.21.4"
      }
    },
    "node_modules/as-soroban-sdk": {
      "resolved": "../../as-soroban-sdk",
      "link": true
    },
    "node_modules/assemblyscript": {
      "version": "0.21.7",
      "dev": true,
      "license": "Apache-2.0",
      "dependencies": {
        "binaryen": "110.0.0-nightly.20221006",
        "long": "^5.2.0"
      },
      "bin": {
        "asc": "bin/asc.js",
        "asinit": "bin/asinit.js"
      },
      "engines": {
        "node": ">=16.0.0",
        "npm": ">=7.0.0"
      },
      "funding": {
        "type": "opencollective",
        "url": "https://opencollective.com/assemblyscript"
      }
    },
    "node_modules/binaryen": {
      "version": "110.0.0-nightly.20221006",
      "dev": true,
      "license": "Apache-2.0",
      "bin": {
        "wasm-opt": "bin/wasm-opt",
        "wasm2js": "bin/wasm2js"
      }
    },
    "node_modules/long": {
      "version": "5.2.1",
      "dev": true,
      "license": "Apache-2.0"
    }
  }
}
